{
    "_meta": {
        "hash": {
            "sha256": "41858241e919f9282f0b5e29517664b3280fdd1b2cd732a9b0c4be3fc3710e53"
        },
        "pipfile-spec": 6,
        "requires": {
            "python_full_version": "3.11.0",
            "python_version": "3.11"
        },
        "sources": [
            {
                "name": "pypi",
                "url": "https://pypi.org/simple",
                "verify_ssl": true
            }
        ]
    },
    "default": {
        "asgiref": {
            "hashes": [
                "sha256:89b2ef2247e3b562a16eef663bc0e2e703ec6468e2fa8a5cd61cd449786d4f6e",
                "sha256:9e0ce3aa93a819ba5b45120216b23878cf6e8525eb3848653452b4192b92afed"
            ],
            "markers": "python_version >= '3.7'",
            "version": "==3.7.2"
        },
        "autopep8": {
            "hashes": [
                "sha256:86e9303b5e5c8160872b2f5ef611161b2893e9bfe8ccc7e2f76385947d57a2f1",
                "sha256:f9849cdd62108cb739dbcdbfb7fdcc9a30d1b63c4cc3e1c1f893b5360941b61c"
            ],
            "index": "pypi",
            "version": "==2.0.2"
        },
        "django": {
            "hashes": [
                "sha256:45a747e1c5b3d6df1b141b1481e193b033fd1fdbda3ff52677dc81afdaacbaed",
                "sha256:f7c7852a5ac5a3da5a8d5b35cc6168f31b605971441798dac845f17ca8028039"
            ],
            "index": "pypi",
            "version": "==4.2.3"
        },
        "django-filter": {
            "hashes": [
                "sha256:2fe15f78108475eda525692813205fa6f9e8c1caf1ae65daa5862d403c6dbf00",
                "sha256:d12d8e0fc6d3eb26641e553e5d53b191eb8cec611427d4bdce0becb1f7c172b5"
            ],
            "index": "pypi",
            "version": "==23.2"
        },
        "django-postgres-extra": {
            "hashes": [
                "sha256:447d5a971759943ee63a9d4cef9c6c1fa290e518611ea521a38b6732681d2f3a",
                "sha256:9efa08c6f18ed34460af41c6f679bb375b93d12544b1105aa348b787a30b46eb"
            ],
            "index": "pypi",
            "version": "==2.0.8"
        },
        "djangorestframework": {
            "hashes": [
                "sha256:579a333e6256b09489cbe0a067e66abe55c6595d8926be6b99423786334350c8",
                "sha256:eb63f58c9f218e1a7d064d17a70751f528ed4e1d35547fdade9aaf4cd103fd08"
            ],
            "index": "pypi",
            "version": "==3.14.0"
        },
        "djangorestframework-simplejwt": {
            "hashes": [
                "sha256:4c0d2e2513e12587d93501ac091781684a216c3ee614eb3b5a10586aef5ca845",
                "sha256:d27d4bcac2c6394f678dea8b4d0d511c6e18a7f2eb8aaeeb8a7de601aeb77c42"
            ],
            "index": "pypi",
            "version": "==5.2.2"
        },
        "psycopg2": {
            "hashes": [
                "sha256:11aca705ec888e4f4cea97289a0bf0f22a067a32614f6ef64fcf7b8bfbc53744",
                "sha256:1861a53a6a0fd248e42ea37c957d36950da00266378746588eab4f4b5649e95f",
                "sha256:2362ee4d07ac85ff0ad93e22c693d0f37ff63e28f0615a16b6635a645f4b9214",
                "sha256:36c941a767341d11549c0fbdbb2bf5be2eda4caf87f65dfcd7d146828bd27f39",
                "sha256:53f4ad0a3988f983e9b49a5d9765d663bbe84f508ed655affdb810af9d0972ad",
                "sha256:869776630c04f335d4124f120b7fb377fe44b0a7645ab3c34b4ba42516951889",
                "sha256:a8ad4a47f42aa6aec8d061fdae21eaed8d864d4bb0f0cade5ad32ca16fcd6258",
                "sha256:b81fcb9ecfc584f661b71c889edeae70bae30d3ef74fa0ca388ecda50b1222b7",
                "sha256:d24ead3716a7d093b90b27b3d73459fe8cd90fd7065cf43b3c40966221d8c394",
                "sha256:ded2faa2e6dfb430af7713d87ab4abbfc764d8d7fb73eafe96a24155f906ebf5",
                "sha256:f15158418fd826831b28585e2ab48ed8df2d0d98f502a2b4fe619e7d5ca29011",
                "sha256:f75001a1cbbe523e00b0ef896a5a1ada2da93ccd752b7636db5a99bc57c44494",
                "sha256:f7a7a5ee78ba7dc74265ba69e010ae89dae635eea0e97b055fb641a01a31d2b1"
            ],
            "index": "pypi",
            "version": "==2.9.6"
        },
        "pycodestyle": {
            "hashes": [
                "sha256:347187bdb476329d98f695c213d7295a846d1152ff4fe9bacb8a9590b8ee7053",
                "sha256:8a4eaf0d0495c7395bdab3589ac2db602797d76207242c17d470186815706610"
            ],
            "markers": "python_version >= '3.6'",
            "version": "==2.10.0"
        },
        "pyjwt": {
            "hashes": [
                "sha256:ba2b425b15ad5ef12f200dc67dd56af4e26de2331f965c5439994dad075876e1",
                "sha256:bd6ca4a3c4285c1a2d4349e5a035fdf8fb94e04ccd0fcbe6ba289dae9cc3e074"
            ],
            "markers": "python_version >= '3.7'",
            "version": "==2.7.0"
        },
        "pylibmc": {
            "hashes": [
                "sha256:218125aca214d62e6f69e4f8022bd795fbcb3643ad783f5f5ff33c23a1731c73",
                "sha256:3c35816082848723455071670770d89b5a531d40e9063fe4e942ea456f86da49",
                "sha256:4f46b5aa0364bca5e02000f5d62eb408d834a20722ffaf7dae20f75e7d009e6c",
                "sha256:5251df82535411d8dc08c01141b8e6e61004f0a3ee50db3aa48ffa00e928cebb",
                "sha256:7660c561e5415f4be01ff4791c1b035359c1d76fed012e18eee907c2d3249deb",
                "sha256:7b93e381dec1520a3fec922765e04679ac553d2f3fda830a5faa7cdc527280a2",
                "sha256:9d2ff6d702eb5ae502e29d97772dc85c749d596c6cb8c82a5d18f175fd4eabcc",
                "sha256:9f4516a14b2beff6062d1d240c00098227ca5478c00afba7e8b329415b0d4d67",
                "sha256:a6cce1d7705952eb30a3aca9ea3f054040cbee53c668d4e1e29144110da113bc",
                "sha256:a7baf4b78720f8b72839b3642b374754cb77cf57dab465a70ed1764d943e19d5",
                "sha256:b34c1e4021b9a395950be19ea9d98f02bea0e3a88be26dbaa7e8ac4416e1232b",
                "sha256:b649eb7fdd774290b2da73334456eb01e0d66e3d3685acd88ae6bf456a227dc6",
                "sha256:c6c4bdd8790aede67a464a32df842cacb562f77b0415a8c7823421f5c07524c6",
                "sha256:cd61f1ff46aa1ca6b0b3dac17a727cd29ac019e85db868c5523c491eef4459d7",
                "sha256:db8c0f0467182a2a3e8d625b5c60c296f971dd2ee179e865b0262bd44528d676",
                "sha256:dd98054a571bd450200a61a12b9ada3424678d17a25456bbf9a6100470401e52",
                "sha256:e589b7e70dec4daf0da1216789713c753d85611d70cfcd32574161cc75b1527e",
                "sha256:e847cdc78d82964236599ff5b312bc97fde3d10f4b93c9ee17dc33b7cf3c032a",
                "sha256:e9ef3dc70ee2dfd0981bdf3a383a044bc591de7e445296a64a24f10a560e8b4f",
                "sha256:eefa46115537abad65fbe2e032acd1b3463d9bf9e335af4b0916df4e4d3206e0",
                "sha256:f2574f390a2ec89b52a84bccca3ae57c21a4bb4d0e72df210d0d66783eee7f98",
                "sha256:f2aeff000de7d918806876dfa4880d21b72089f9809ad0b8e7dff26501367ec6",
                "sha256:f536d73632007358796654ab088d65c55a1a4368a85cfd7c956d2100e2cd8d89"
            ],
            "index": "pypi",
            "version": "==1.6.3"
        },
        "python-dateutil": {
            "hashes": [
                "sha256:0123cacc1627ae19ddf3c27a5de5bd67ee4586fbdd6440d9748f8abb483d3e86",
                "sha256:961d03dc3453ebbc59dbdea9e4e11c5651520a876d0f4db161e8674aae935da9"
            ],
            "markers": "python_version >= '2.7' and python_version not in '3.0, 3.1, 3.2, 3.3'",
            "version": "==2.8.2"
        },
        "pytz": {
            "hashes": [
                "sha256:1d8ce29db189191fb55338ee6d0387d82ab59f3d00eac103412d64e0ebd0c588",
                "sha256:a151b3abb88eda1d4e34a9814df37de2a80e301e68ba0fd856fb9b46bfbbbffb"
            ],
            "version": "==2023.3"
        },
        "six": {
            "hashes": [
                "sha256:1e61c37477a1626458e36f7b1d82aa5c9b094fa4802892072e49de9c60c4c926",
                "sha256:8abb2f1d86890a2dfb989f9a77cfcfd3e47c2a354b01111771326f8aa26e0254"
            ],
            "markers": "python_version >= '2.7' and python_version not in '3.0, 3.1, 3.2, 3.3'",
            "version": "==1.16.0"
        },
        "sqlparse": {
            "hashes": [
                "sha256:5430a4fe2ac7d0f93e66f1efc6e1338a41884b7ddf2a350cedd20ccc4d9d28f3",
                "sha256:d446183e84b8349fa3061f0fe7f06ca94ba65b426946ffebe6e3e8295332420c"
            ],
            "markers": "python_version >= '3.5'",
            "version": "==0.4.4"
        }
    },
    "develop": {}
}
